Microsoft Visual Studio Solution File, Format Version 11.00
# Visual Studio 2008

Project("{0FE50C53-B7A9-6844-D6DB-1AC37AA184E5}") = "ee267-hw6", "Assembly-CSharp.csproj", "{858C10BC-91DF-2CFD-F3A8-E5A7BDDCC12C}"
EndProject
Project("{0FE50C53-B7A9-6844-D6DB-1AC37AA184E5}") = "ee267-hw6", "Assembly-CSharp-Editor.csproj", "{A00032F1-E859-CC23-B8A9-D88BE9B48773}"
EndProject
Global
	GlobalSection(SolutionConfigurationPlatforms) = preSolution
		Debug|Any CPU = Debug|Any CPU
		Release|Any CPU = Release|Any CPU
	EndGlobalSection
	GlobalSection(ProjectConfigurationPlatforms) = postSolution
		{858C10BC-91DF-2CFD-F3A8-E5A7BDDCC12C}.Debug|Any CPU.ActiveCfg = Debug|Any CPU
		{858C10BC-91DF-2CFD-F3A8-E5A7BDDCC12C}.Debug|Any CPU.Build.0 = Debug|Any CPU
		{858C10BC-91DF-2CFD-F3A8-E5A7BDDCC12C}.Release|Any CPU.ActiveCfg = Release|Any CPU
		{858C10BC-91DF-2CFD-F3A8-E5A7BDDCC12C}.Release|Any CPU.Build.0 = Release|Any CPU
		{A00032F1-E859-CC23-B8A9-D88BE9B48773}.Debug|Any CPU.ActiveCfg = Debug|Any CPU
		{A00032F1-E859-CC23-B8A9-D88BE9B48773}.Debug|Any CPU.Build.0 = Debug|Any CPU
		{A00032F1-E859-CC23-B8A9-D88BE9B48773}.Release|Any CPU.ActiveCfg = Release|Any CPU
		{A00032F1-E859-CC23-B8A9-D88BE9B48773}.Release|Any CPU.Build.0 = Release|Any CPU
	EndGlobalSection
	GlobalSection(SolutionProperties) = preSolution
		HideSolutionNode = FALSE
	EndGlobalSection
	GlobalSection(MonoDevelopProperties) = preSolution
		StartupItem = Assembly-CSharp.csproj
	EndGlobalSection
EndGlobal
